
Microsoft Visual Studio Solution File, Format Version 12.00
# Visual Studio Version 17
VisualStudioVersion = 17.7.34024.191
MinimumVisualStudioVersion = 10.0.40219.1
Project("{8BC9CEB8-8B4A-11D0-8D11-00A0C91BC942}") = "Fedoraloader", "Fedoraloader\Fedoraloader.vcxproj", "{0E5F143E-CB58-49B0-B7EB-335BABFCED02}"
EndProject
Project("{8BC9CEB8-8B4A-11D0-8D11-00A0C91BC942}") = "VAC-Bypass", "VAC-Bypass\VAC-Bypass.vcxproj", "{977FD4A9-3940-4AA4-8926-8D253DDC08E2}"
EndProject
Global
	GlobalSection(SolutionConfigurationPlatforms) = preSolution
		Debug|x86 = Debug|x86
		Release|x86 = Release|x86
	EndGlobalSection
	GlobalSection(ProjectConfigurationPlatforms) = postSolution
		{0E5F143E-CB58-49B0-B7EB-335BABFCED02}.Debug|x86.ActiveCfg = Debug|Win32
		{0E5F143E-CB58-49B0-B7EB-335BABFCED02}.Debug|x86.Build.0 = Debug|Win32
		{0E5F143E-CB58-49B0-B7EB-335BABFCED02}.Release|x86.ActiveCfg = Release|Win32
		{0E5F143E-CB58-49B0-B7EB-335BABFCED02}.Release|x86.Build.0 = Release|Win32
		{977FD4A9-3940-4AA4-8926-8D253DDC08E2}.Debug|x86.ActiveCfg = Debug|Win32
		{977FD4A9-3940-4AA4-8926-8D253DDC08E2}.Debug|x86.Build.0 = Debug|Win32
		{977FD4A9-3940-4AA4-8926-8D253DDC08E2}.Release|x86.ActiveCfg = Release|Win32
		{977FD4A9-3940-4AA4-8926-8D253DDC08E2}.Release|x86.Build.0 = Release|Win32
	EndGlobalSection
	GlobalSection(SolutionProperties) = preSolution
		HideSolutionNode = FALSE
	EndGlobalSection
	GlobalSection(ExtensibilityGlobals) = postSolution
		SolutionGuid = {11C77FE1-F675-40E4-83BF-DCA3A519979C}
	EndGlobalSection
EndGlobal
